version: 1
files:
  content/docs/en/test.mdx:
    content: a150eedf8085d9ec1f7a038fc7241150
    translations:
      es: true
      fr: true
      zh: true
  content/docs/en/tools/clarinet/index.mdx:
    content: 90d8c7441c095b156d922047f24fce00
    translations:
      es: true
      fr: true
      zh: true
  examples/content/en/guide.mdx:
    content: f9ff656ac65e81e0d632774e75913b7abf2162de077d716f6739492f55faa7ec
    translations:
      es: true
  /Users/ryanwaits/Code/projects/openlocale/examples/content/en/api.mdx:
    content: 144767ea50771067dc225b3ba2c2c8c3
    translations:
      es: true
      fr: true
  /Users/ryanwaits/Code/projects/openlocale/examples/content/en/guide.mdx:
    content: d17fee6592ad8fb0bd9b5829c91c5bed
    translations:
      es: true
      fr: true
